
Microsoft Visual Studio Solution File, Format Version 12.00
# Visual Studio 15
VisualStudioVersion = 15.0.26124.0
MinimumVisualStudioVersion = 15.0.26124.0
Project("{2150E333-8FDC-42A3-9474-1A3956D46DE8}") = "src", "src", "{9C66FE29-0E9B-4D38-821A-62F51E46B471}"
EndProject
Project("{2150E333-8FDC-42A3-9474-1A3956D46DE8}") = "App", "App", "{E02CBEB5-C978-4621-9BD3-9D827E8EF627}"
EndProject
Project("{FAE04EC0-301F-11D3-BF4B-00C04F79EFBC}") = "AdisBlog", "src\App\Spa\AdisBlog.csproj", "{ABE94E26-E362-4359-A3D7-0E22C85597B5}"
EndProject
Project("{2150E333-8FDC-42A3-9474-1A3956D46DE8}") = "Services", "Services", "{F8459974-2BE5-43C0-BDC9-0BD35A90DFB2}"
EndProject
Project("{2150E333-8FDC-42A3-9474-1A3956D46DE8}") = "Posts", "Posts", "{DB1687AE-2BA4-438D-B6F3-7D83C4D5218F}"
EndProject
Project("{FAE04EC0-301F-11D3-BF4B-00C04F79EFBC}") = "Posts.API", "src\Services\Posts\Posts.API\Posts.API.csproj", "{4B61C58A-08E8-484A-8735-19C46A11F133}"
EndProject
Global
	GlobalSection(SolutionConfigurationPlatforms) = preSolution
		Debug|Any CPU = Debug|Any CPU
		Debug|x64 = Debug|x64
		Debug|x86 = Debug|x86
		Release|Any CPU = Release|Any CPU
		Release|x64 = Release|x64
		Release|x86 = Release|x86
	EndGlobalSection
	GlobalSection(SolutionProperties) = preSolution
		HideSolutionNode = FALSE
	EndGlobalSection
	GlobalSection(ProjectConfigurationPlatforms) = postSolution
		{ABE94E26-E362-4359-A3D7-0E22C85597B5}.Debug|Any CPU.ActiveCfg = Debug|Any CPU
		{ABE94E26-E362-4359-A3D7-0E22C85597B5}.Debug|Any CPU.Build.0 = Debug|Any CPU
		{ABE94E26-E362-4359-A3D7-0E22C85597B5}.Debug|x64.ActiveCfg = Debug|Any CPU
		{ABE94E26-E362-4359-A3D7-0E22C85597B5}.Debug|x64.Build.0 = Debug|Any CPU
		{ABE94E26-E362-4359-A3D7-0E22C85597B5}.Debug|x86.ActiveCfg = Debug|Any CPU
		{ABE94E26-E362-4359-A3D7-0E22C85597B5}.Debug|x86.Build.0 = Debug|Any CPU
		{ABE94E26-E362-4359-A3D7-0E22C85597B5}.Release|Any CPU.ActiveCfg = Release|Any CPU
		{ABE94E26-E362-4359-A3D7-0E22C85597B5}.Release|Any CPU.Build.0 = Release|Any CPU
		{ABE94E26-E362-4359-A3D7-0E22C85597B5}.Release|x64.ActiveCfg = Release|Any CPU
		{ABE94E26-E362-4359-A3D7-0E22C85597B5}.Release|x64.Build.0 = Release|Any CPU
		{ABE94E26-E362-4359-A3D7-0E22C85597B5}.Release|x86.ActiveCfg = Release|Any CPU
		{ABE94E26-E362-4359-A3D7-0E22C85597B5}.Release|x86.Build.0 = Release|Any CPU
		{4B61C58A-08E8-484A-8735-19C46A11F133}.Debug|Any CPU.ActiveCfg = Debug|Any CPU
		{4B61C58A-08E8-484A-8735-19C46A11F133}.Debug|Any CPU.Build.0 = Debug|Any CPU
		{4B61C58A-08E8-484A-8735-19C46A11F133}.Debug|x64.ActiveCfg = Debug|Any CPU
		{4B61C58A-08E8-484A-8735-19C46A11F133}.Debug|x64.Build.0 = Debug|Any CPU
		{4B61C58A-08E8-484A-8735-19C46A11F133}.Debug|x86.ActiveCfg = Debug|Any CPU
		{4B61C58A-08E8-484A-8735-19C46A11F133}.Debug|x86.Build.0 = Debug|Any CPU
		{4B61C58A-08E8-484A-8735-19C46A11F133}.Release|Any CPU.ActiveCfg = Release|Any CPU
		{4B61C58A-08E8-484A-8735-19C46A11F133}.Release|Any CPU.Build.0 = Release|Any CPU
		{4B61C58A-08E8-484A-8735-19C46A11F133}.Release|x64.ActiveCfg = Release|Any CPU
		{4B61C58A-08E8-484A-8735-19C46A11F133}.Release|x64.Build.0 = Release|Any CPU
		{4B61C58A-08E8-484A-8735-19C46A11F133}.Release|x86.ActiveCfg = Release|Any CPU
		{4B61C58A-08E8-484A-8735-19C46A11F133}.Release|x86.Build.0 = Release|Any CPU
	EndGlobalSection
	GlobalSection(NestedProjects) = preSolution
		{E02CBEB5-C978-4621-9BD3-9D827E8EF627} = {9C66FE29-0E9B-4D38-821A-62F51E46B471}
		{ABE94E26-E362-4359-A3D7-0E22C85597B5} = {E02CBEB5-C978-4621-9BD3-9D827E8EF627}
		{F8459974-2BE5-43C0-BDC9-0BD35A90DFB2} = {9C66FE29-0E9B-4D38-821A-62F51E46B471}
		{DB1687AE-2BA4-438D-B6F3-7D83C4D5218F} = {F8459974-2BE5-43C0-BDC9-0BD35A90DFB2}
		{4B61C58A-08E8-484A-8735-19C46A11F133} = {DB1687AE-2BA4-438D-B6F3-7D83C4D5218F}
	EndGlobalSection
EndGlobal
